
Microsoft Visual Studio Solution File, Format Version 12.00
# Visual Studio Version 17
VisualStudioVersion = 17.6.33829.357
MinimumVisualStudioVersion = 10.0.40219.1
Project("{8BC9CEB8-8B4A-11D0-8D11-00A0C91BC942}") = "Set与Map的封装", "Set与Map的封装.vcxproj", "{89A30BB5-E933-4FD4-B2B7-CC9B0D772FF0}"
EndProject
Global
	GlobalSection(SolutionConfigurationPlatforms) = preSolution
		Debug|x64 = Debug|x64
		Debug|x86 = Debug|x86
		Release|x64 = Release|x64
		Release|x86 = Release|x86
	EndGlobalSection
	GlobalSection(ProjectConfigurationPlatforms) = postSolution
		{89A30BB5-E933-4FD4-B2B7-CC9B0D772FF0}.Debug|x64.ActiveCfg = Debug|x64
		{89A30BB5-E933-4FD4-B2B7-CC9B0D772FF0}.Debug|x64.Build.0 = Debug|x64
		{89A30BB5-E933-4FD4-B2B7-CC9B0D772FF0}.Debug|x86.ActiveCfg = Debug|Win32
		{89A30BB5-E933-4FD4-B2B7-CC9B0D772FF0}.Debug|x86.Build.0 = Debug|Win32
		{89A30BB5-E933-4FD4-B2B7-CC9B0D772FF0}.Release|x64.ActiveCfg = Release|x64
		{89A30BB5-E933-4FD4-B2B7-CC9B0D772FF0}.Release|x64.Build.0 = Release|x64
		{89A30BB5-E933-4FD4-B2B7-CC9B0D772FF0}.Release|x86.ActiveCfg = Release|Win32
		{89A30BB5-E933-4FD4-B2B7-CC9B0D772FF0}.Release|x86.Build.0 = Release|Win32
	EndGlobalSection
	GlobalSection(SolutionProperties) = preSolution
		HideSolutionNode = FALSE
	EndGlobalSection
	GlobalSection(ExtensibilityGlobals) = postSolution
		SolutionGuid = {C05C7D21-AECB-4D3E-8C22-2309A94817B9}
	EndGlobalSection
EndGlobal
